
Microsoft Visual Studio Solution File, Format Version 12.00
# Visual Studio Version 17
VisualStudioVersion = 17.12.35521.163 d17.12
MinimumVisualStudioVersion = 10.0.40219.1
Project("{FAE04EC0-301F-11D3-BF4B-00C04F79EFBC}") = "Awesome.Api", "src\Awesome.Api\Awesome.Api.csproj", "{B106CAB2-9949-4F67-BB02-DF043167B1BC}"
EndProject
Project("{FAE04EC0-301F-11D3-BF4B-00C04F79EFBC}") = "Awesome.Domain", "src\Awesome.Domain\Awesome.Domain.csproj", "{02CB6248-8D61-48C1-976F-DA8E845173D6}"
EndProject
Global
	GlobalSection(SolutionConfigurationPlatforms) = preSolution
		Debug|Any CPU = Debug|Any CPU
		Release|Any CPU = Release|Any CPU
	EndGlobalSection
	GlobalSection(ProjectConfigurationPlatforms) = postSolution
		{B106CAB2-9949-4F67-BB02-DF043167B1BC}.Debug|Any CPU.ActiveCfg = Debug|Any CPU
		{B106CAB2-9949-4F67-BB02-DF043167B1BC}.Debug|Any CPU.Build.0 = Debug|Any CPU
		{B106CAB2-9949-4F67-BB02-DF043167B1BC}.Release|Any CPU.ActiveCfg = Release|Any CPU
		{B106CAB2-9949-4F67-BB02-DF043167B1BC}.Release|Any CPU.Build.0 = Release|Any CPU
		{02CB6248-8D61-48C1-976F-DA8E845173D6}.Debug|Any CPU.ActiveCfg = Debug|Any CPU
		{02CB6248-8D61-48C1-976F-DA8E845173D6}.Debug|Any CPU.Build.0 = Debug|Any CPU
		{02CB6248-8D61-48C1-976F-DA8E845173D6}.Release|Any CPU.ActiveCfg = Release|Any CPU
		{02CB6248-8D61-48C1-976F-DA8E845173D6}.Release|Any CPU.Build.0 = Release|Any CPU
	EndGlobalSection
	GlobalSection(SolutionProperties) = preSolution
		HideSolutionNode = FALSE
	EndGlobalSection
EndGlobal
